
Microsoft Visual Studio Solution File, Format Version 12.00
# Visual Studio 14
VisualStudioVersion = 14.0.23107.0
MinimumVisualStudioVersion = 10.0.40219.1
Project("{FAE04EC0-301F-11D3-BF4B-00C04F79EFBC}") = "JapaneseTitlesforMAL_CacheGenerator", "JapaneseTitlesforMAL_CacheGenerator\JapaneseTitlesforMAL_CacheGenerator.csproj", "{5F9FD7D0-3276-4FBF-AACB-D4F7B42F62B6}"
EndProject
Global
	GlobalSection(SolutionConfigurationPlatforms) = preSolution
		Debug|Any CPU = Debug|Any CPU
		Release|Any CPU = Release|Any CPU
	EndGlobalSection
	GlobalSection(ProjectConfigurationPlatforms) = postSolution
		{5F9FD7D0-3276-4FBF-AACB-D4F7B42F62B6}.Debug|Any CPU.ActiveCfg = Debug|Any CPU
		{5F9FD7D0-3276-4FBF-AACB-D4F7B42F62B6}.Debug|Any CPU.Build.0 = Debug|Any CPU
		{5F9FD7D0-3276-4FBF-AACB-D4F7B42F62B6}.Release|Any CPU.ActiveCfg = Release|Any CPU
		{5F9FD7D0-3276-4FBF-AACB-D4F7B42F62B6}.Release|Any CPU.Build.0 = Release|Any CPU
	EndGlobalSection
	GlobalSection(SolutionProperties) = preSolution
		HideSolutionNode = FALSE
	EndGlobalSection
EndGlobal
